
Microsoft Visual Studio Solution File, Format Version 12.00
# Visual Studio Version 16
VisualStudioVersion = 16.0.31624.102
MinimumVisualStudioVersion = 10.0.40219.1
Project("{FAE04EC0-301F-11D3-BF4B-00C04F79EFBC}") = "Login.Android", "Login\Login.Android\Login.Android.csproj", "{DB8C0910-7645-4786-85B5-8FECFFE2FDD9}"
EndProject
Project("{FAE04EC0-301F-11D3-BF4B-00C04F79EFBC}") = "Login.iOS", "Login\Login.iOS\Login.iOS.csproj", "{71ED999D-91AC-4D56-8E91-6202ABF291B3}"
EndProject
Project("{FAE04EC0-301F-11D3-BF4B-00C04F79EFBC}") = "Login", "Login\Login\Login.csproj", "{CC650AFE-6123-4CAF-83E0-EB5B6E5678F2}"
EndProject
Global
	GlobalSection(SolutionConfigurationPlatforms) = preSolution
		Debug|Any CPU = Debug|Any CPU
		Debug|iPhone = Debug|iPhone
		Debug|iPhoneSimulator = Debug|iPhoneSimulator
		Release|Any CPU = Release|Any CPU
		Release|iPhone = Release|iPhone
		Release|iPhoneSimulator = Release|iPhoneSimulator
	EndGlobalSection
	GlobalSection(ProjectConfigurationPlatforms) = postSolution
		{DB8C0910-7645-4786-85B5-8FECFFE2FDD9}.Debug|Any CPU.ActiveCfg = Debug|Any CPU
		{DB8C0910-7645-4786-85B5-8FECFFE2FDD9}.Debug|Any CPU.Build.0 = Debug|Any CPU
		{DB8C0910-7645-4786-85B5-8FECFFE2FDD9}.Debug|Any CPU.Deploy.0 = Debug|Any CPU
		{DB8C0910-7645-4786-85B5-8FECFFE2FDD9}.Debug|iPhone.ActiveCfg = Debug|Any CPU
		{DB8C0910-7645-4786-85B5-8FECFFE2FDD9}.Debug|iPhone.Build.0 = Debug|Any CPU
		{DB8C0910-7645-4786-85B5-8FECFFE2FDD9}.Debug|iPhone.Deploy.0 = Debug|Any CPU
		{DB8C0910-7645-4786-85B5-8FECFFE2FDD9}.Debug|iPhoneSimulator.ActiveCfg = Debug|Any CPU
		{DB8C0910-7645-4786-85B5-8FECFFE2FDD9}.Debug|iPhoneSimulator.Build.0 = Debug|Any CPU
		{DB8C0910-7645-4786-85B5-8FECFFE2FDD9}.Debug|iPhoneSimulator.Deploy.0 = Debug|Any CPU
		{DB8C0910-7645-4786-85B5-8FECFFE2FDD9}.Release|Any CPU.ActiveCfg = Release|Any CPU
		{DB8C0910-7645-4786-85B5-8FECFFE2FDD9}.Release|Any CPU.Build.0 = Release|Any CPU
		{DB8C0910-7645-4786-85B5-8FECFFE2FDD9}.Release|Any CPU.Deploy.0 = Release|Any CPU
		{DB8C0910-7645-4786-85B5-8FECFFE2FDD9}.Release|iPhone.ActiveCfg = Release|Any CPU
		{DB8C0910-7645-4786-85B5-8FECFFE2FDD9}.Release|iPhone.Build.0 = Release|Any CPU
		{DB8C0910-7645-4786-85B5-8FECFFE2FDD9}.Release|iPhone.Deploy.0 = Release|Any CPU
		{DB8C0910-7645-4786-85B5-8FECFFE2FDD9}.Release|iPhoneSimulator.ActiveCfg = Release|Any CPU
		{DB8C0910-7645-4786-85B5-8FECFFE2FDD9}.Release|iPhoneSimulator.Build.0 = Release|Any CPU
		{DB8C0910-7645-4786-85B5-8FECFFE2FDD9}.Release|iPhoneSimulator.Deploy.0 = Release|Any CPU
		{71ED999D-91AC-4D56-8E91-6202ABF291B3}.Debug|Any CPU.ActiveCfg = Debug|iPhone
		{71ED999D-91AC-4D56-8E91-6202ABF291B3}.Debug|Any CPU.Build.0 = Debug|iPhone
		{71ED999D-91AC-4D56-8E91-6202ABF291B3}.Debug|Any CPU.Deploy.0 = Debug|iPhone
		{71ED999D-91AC-4D56-8E91-6202ABF291B3}.Debug|iPhone.ActiveCfg = Debug|iPhone
		{71ED999D-91AC-4D56-8E91-6202ABF291B3}.Debug|iPhone.Build.0 = Debug|iPhone
		{71ED999D-91AC-4D56-8E91-6202ABF291B3}.Debug|iPhone.Deploy.0 = Debug|iPhone
		{71ED999D-91AC-4D56-8E91-6202ABF291B3}.Debug|iPhoneSimulator.ActiveCfg = Debug|iPhoneSimulator
		{71ED999D-91AC-4D56-8E91-6202ABF291B3}.Debug|iPhoneSimulator.Build.0 = Debug|iPhoneSimulator
		{71ED999D-91AC-4D56-8E91-6202ABF291B3}.Debug|iPhoneSimulator.Deploy.0 = Debug|iPhoneSimulator
		{71ED999D-91AC-4D56-8E91-6202ABF291B3}.Release|Any CPU.ActiveCfg = Release|iPhoneSimulator
		{71ED999D-91AC-4D56-8E91-6202ABF291B3}.Release|Any CPU.Build.0 = Release|iPhoneSimulator
		{71ED999D-91AC-4D56-8E91-6202ABF291B3}.Release|Any CPU.Deploy.0 = Release|iPhoneSimulator
		{71ED999D-91AC-4D56-8E91-6202ABF291B3}.Release|iPhone.ActiveCfg = Release|iPhone
		{71ED999D-91AC-4D56-8E91-6202ABF291B3}.Release|iPhone.Build.0 = Release|iPhone
		{71ED999D-91AC-4D56-8E91-6202ABF291B3}.Release|iPhone.Deploy.0 = Release|iPhone
		{71ED999D-91AC-4D56-8E91-6202ABF291B3}.Release|iPhoneSimulator.ActiveCfg = Release|iPhoneSimulator
		{71ED999D-91AC-4D56-8E91-6202ABF291B3}.Release|iPhoneSimulator.Build.0 = Release|iPhoneSimulator
		{71ED999D-91AC-4D56-8E91-6202ABF291B3}.Release|iPhoneSimulator.Deploy.0 = Release|iPhoneSimulator
		{CC650AFE-6123-4CAF-83E0-EB5B6E5678F2}.Debug|Any CPU.ActiveCfg = Debug|Any CPU
		{CC650AFE-6123-4CAF-83E0-EB5B6E5678F2}.Debug|Any CPU.Build.0 = Debug|Any CPU
		{CC650AFE-6123-4CAF-83E0-EB5B6E5678F2}.Debug|Any CPU.Deploy.0 = Debug|Any CPU
		{CC650AFE-6123-4CAF-83E0-EB5B6E5678F2}.Debug|iPhone.ActiveCfg = Debug|Any CPU
		{CC650AFE-6123-4CAF-83E0-EB5B6E5678F2}.Debug|iPhone.Build.0 = Debug|Any CPU
		{CC650AFE-6123-4CAF-83E0-EB5B6E5678F2}.Debug|iPhone.Deploy.0 = Debug|Any CPU
		{CC650AFE-6123-4CAF-83E0-EB5B6E5678F2}.Debug|iPhoneSimulator.ActiveCfg = Debug|Any CPU
		{CC650AFE-6123-4CAF-83E0-EB5B6E5678F2}.Debug|iPhoneSimulator.Build.0 = Debug|Any CPU
		{CC650AFE-6123-4CAF-83E0-EB5B6E5678F2}.Debug|iPhoneSimulator.Deploy.0 = Debug|Any CPU
		{CC650AFE-6123-4CAF-83E0-EB5B6E5678F2}.Release|Any CPU.ActiveCfg = Release|Any CPU
		{CC650AFE-6123-4CAF-83E0-EB5B6E5678F2}.Release|Any CPU.Build.0 = Release|Any CPU
		{CC650AFE-6123-4CAF-83E0-EB5B6E5678F2}.Release|Any CPU.Deploy.0 = Release|Any CPU
		{CC650AFE-6123-4CAF-83E0-EB5B6E5678F2}.Release|iPhone.ActiveCfg = Release|Any CPU
		{CC650AFE-6123-4CAF-83E0-EB5B6E5678F2}.Release|iPhone.Build.0 = Release|Any CPU
		{CC650AFE-6123-4CAF-83E0-EB5B6E5678F2}.Release|iPhone.Deploy.0 = Release|Any CPU
		{CC650AFE-6123-4CAF-83E0-EB5B6E5678F2}.Release|iPhoneSimulator.ActiveCfg = Release|Any CPU
		{CC650AFE-6123-4CAF-83E0-EB5B6E5678F2}.Release|iPhoneSimulator.Build.0 = Release|Any CPU
		{CC650AFE-6123-4CAF-83E0-EB5B6E5678F2}.Release|iPhoneSimulator.Deploy.0 = Release|Any CPU
	EndGlobalSection
	GlobalSection(SolutionProperties) = preSolution
		HideSolutionNode = FALSE
	EndGlobalSection
	GlobalSection(ExtensibilityGlobals) = postSolution
		SolutionGuid = {A7F9A717-4843-4F6F-84EA-0AD2D05BADAD}
	EndGlobalSection
EndGlobal
